// !$*UTF8*$!
{
	archiveVersion = 1;
	classes = {
	};
	objectVersion = 55;
	objects = {

/* Begin PBXBuildFile section */
		A7AAF5D128D6FDFF00532AF7 /* ResourcePath.mm in Sources */ = {isa = PBXBuildFile; fileRef = A7AAF5D028D6FDFF00532AF7 /* ResourcePath.mm */; };
		A7AAF5D428D6FDFF00532AF7 /* main.cpp in Sources */ = {isa = PBXBuildFile; fileRef = A7AAF5D328D6FDFF00532AF7 /* main.cpp */; };
		A7AAF5D728D6FDFF00532AF7 /* cute_image.jpg in Resources */ = {isa = PBXBuildFile; fileRef = A7AAF5D628D6FDFF00532AF7 /* cute_image.jpg */; };
		A7AAF5D928D6FDFF00532AF7 /* nice_music.ogg in Resources */ = {isa = PBXBuildFile; fileRef = A7AAF5D828D6FDFF00532AF7 /* nice_music.ogg */; };
		A7AAF5DB28D6FDFF00532AF7 /* sansation.ttf in Resources */ = {isa = PBXBuildFile; fileRef = A7AAF5DA28D6FDFF00532AF7 /* sansation.ttf */; };
		A7AAF5DD28D6FDFF00532AF7 /* icon.png in Resources */ = {isa = PBXBuildFile; fileRef = A7AAF5DC28D6FDFF00532AF7 /* icon.png */; };
		A7AAF5E528D6FE8800532AF7 /* MainMenu.cpp in Sources */ = {isa = PBXBuildFile; fileRef = A7AAF5E328D6FE8800532AF7 /* MainMenu.cpp */; };
/* End PBXBuildFile section */

/* Begin PBXFileReference section */
		A7AAF5CB28D6FDFF00532AF7 /* Project.app */ = {isa = PBXFileReference; explicitFileType = wrapper.application; includeInIndex = 0; path = Project.app; sourceTree = BUILT_PRODUCTS_DIR; };
		A7AAF5CF28D6FDFF00532AF7 /* Project-Info.plist */ = {isa = PBXFileReference; lastKnownFileType = text.plist.xml; name = "Project-Info.plist"; path = "../Project-Info.plist"; sourceTree = "<group>"; };
		A7AAF5D028D6FDFF00532AF7 /* ResourcePath.mm */ = {isa = PBXFileReference; lastKnownFileType = sourcecode.cpp.objcpp; path = ResourcePath.mm; sourceTree = "<group>"; };
		A7AAF5D228D6FDFF00532AF7 /* ResourcePath.hpp */ = {isa = PBXFileReference; lastKnownFileType = sourcecode.cpp.h; path = ResourcePath.hpp; sourceTree = "<group>"; };
		A7AAF5D328D6FDFF00532AF7 /* main.cpp */ = {isa = PBXFileReference; lastKnownFileType = sourcecode.cpp.cpp; path = main.cpp; sourceTree = "<group>"; };
		A7AAF5D628D6FDFF00532AF7 /* cute_image.jpg */ = {isa = PBXFileReference; lastKnownFileType = image.jpeg; name = cute_image.jpg; path = ../cute_image.jpg; sourceTree = "<group>"; };
		A7AAF5D828D6FDFF00532AF7 /* nice_music.ogg */ = {isa = PBXFileReference; lastKnownFileType = file; name = nice_music.ogg; path = ../nice_music.ogg; sourceTree = "<group>"; };
		A7AAF5DA28D6FDFF00532AF7 /* sansation.ttf */ = {isa = PBXFileReference; lastKnownFileType = file; name = sansation.ttf; path = ../sansation.ttf; sourceTree = "<group>"; };
		A7AAF5DC28D6FDFF00532AF7 /* icon.png */ = {isa = PBXFileReference; lastKnownFileType = image.png; name = icon.png; path = ../icon.png; sourceTree = "<group>"; };
		A7AAF5E328D6FE8800532AF7 /* MainMenu.cpp */ = {isa = PBXFileReference; lastKnownFileType = sourcecode.cpp.cpp; path = MainMenu.cpp; sourceTree = "<group>"; };
		A7AAF5E428D6FE8800532AF7 /* MainMenu.hpp */ = {isa = PBXFileReference; lastKnownFileType = sourcecode.cpp.h; path = MainMenu.hpp; sourceTree = "<group>"; };
/* End PBXFileReference section */

/* Begin PBXFrameworksBuildPhase section */
		A7AAF5C728D6FDFF00532AF7 /* Frameworks */ = {
			isa = PBXFrameworksBuildPhase;
			buildActionMask = 2147483647;
			files = (
			);
			runOnlyForDeploymentPostprocessing = 0;
		};
/* End PBXFrameworksBuildPhase section */

/* Begin PBXGroup section */
		A7AAF5C128D6FDFF00532AF7 = {
			isa = PBXGroup;
			children = (
				A7AAF5CD28D6FDFF00532AF7 /* Project */,
				A7AAF5CC28D6FDFF00532AF7 /* Products */,
			);
			sourceTree = "<group>";
		};
		A7AAF5CC28D6FDFF00532AF7 /* Products */ = {
			isa = PBXGroup;
			children = (
				A7AAF5CB28D6FDFF00532AF7 /* Project.app */,
			);
			name = Products;
			sourceTree = "<group>";
		};
		A7AAF5CD28D6FDFF00532AF7 /* Project */ = {
			isa = PBXGroup;
			children = (
				A7AAF5D028D6FDFF00532AF7 /* ResourcePath.mm */,
				A7AAF5D228D6FDFF00532AF7 /* ResourcePath.hpp */,
				A7AAF5D328D6FDFF00532AF7 /* main.cpp */,
				A7AAF5E328D6FE8800532AF7 /* MainMenu.cpp */,
				A7AAF5E428D6FE8800532AF7 /* MainMenu.hpp */,
				A7AAF5D528D6FDFF00532AF7 /* Resources */,
				A7AAF5CE28D6FDFF00532AF7 /* Supporting Files */,
			);
			path = Project;
			sourceTree = "<group>";
		};
		A7AAF5CE28D6FDFF00532AF7 /* Supporting Files */ = {
			isa = PBXGroup;
			children = (
				A7AAF5CF28D6FDFF00532AF7 /* Project-Info.plist */,
			);
			path = "Supporting Files";
			sourceTree = "<group>";
		};
		A7AAF5D528D6FDFF00532AF7 /* Resources */ = {
			isa = PBXGroup;
			children = (
				A7AAF5D628D6FDFF00532AF7 /* cute_image.jpg */,
				A7AAF5D828D6FDFF00532AF7 /* nice_music.ogg */,
				A7AAF5DA28D6FDFF00532AF7 /* sansation.ttf */,
				A7AAF5DC28D6FDFF00532AF7 /* icon.png */,
			);
			path = Resources;
			sourceTree = "<group>";
		};
/* End PBXGroup section */

/* Begin PBXNativeTarget section */
		A7AAF5CA28D6FDFF00532AF7 /* Project */ = {
			isa = PBXNativeTarget;
			buildConfigurationList = A7AAF5E028D6FDFF00532AF7 /* Build configuration list for PBXNativeTarget "Project" */;
			buildPhases = (
				A7AAF5C628D6FDFF00532AF7 /* Sources */,
				A7AAF5C728D6FDFF00532AF7 /* Frameworks */,
				A7AAF5C828D6FDFF00532AF7 /* Resources */,
				A7AAF5C928D6FDFF00532AF7 /* ShellScript */,
			);
			buildRules = (
			);
			dependencies = (
			);
			name = Project;
			productName = Project;
			productReference = A7AAF5CB28D6FDFF00532AF7 /* Project.app */;
			productType = "com.apple.product-type.application";
		};
/* End PBXNativeTarget section */

/* Begin PBXProject section */
		A7AAF5C228D6FDFF00532AF7 /* Project object */ = {
			isa = PBXProject;
			attributes = {
				BuildIndependentTargetsInParallel = 1;
				LastUpgradeCheck = 1340;
				ORGANIZATIONNAME = "Oliver Askew";
				TargetAttributes = {
					A7AAF5CA28D6FDFF00532AF7 = {
						CreatedOnToolsVersion = 13.4.1;
					};
				};
			};
			buildConfigurationList = A7AAF5C528D6FDFF00532AF7 /* Build configuration list for PBXProject "Project" */;
			compatibilityVersion = "Xcode 13.0";
			developmentRegion = en;
			hasScannedForEncodings = 0;
			knownRegions = (
				en,
				Base,
			);
			mainGroup = A7AAF5C128D6FDFF00532AF7;
			productRefGroup = A7AAF5CC28D6FDFF00532AF7 /* Products */;
			projectDirPath = "";
			projectRoot = "";
			targets = (
				A7AAF5CA28D6FDFF00532AF7 /* Project */,
			);
		};
/* End PBXProject section */

/* Begin PBXResourcesBuildPhase section */
		A7AAF5C828D6FDFF00532AF7 /* Resources */ = {
			isa = PBXResourcesBuildPhase;
			buildActionMask = 2147483647;
			files = (
				A7AAF5DD28D6FDFF00532AF7 /* icon.png in Resources */,
				A7AAF5DB28D6FDFF00532AF7 /* sansation.ttf in Resources */,
				A7AAF5D928D6FDFF00532AF7 /* nice_music.ogg in Resources */,
				A7AAF5D728D6FDFF00532AF7 /* cute_image.jpg in Resources */,
			);
			runOnlyForDeploymentPostprocessing = 0;
		};
/* End PBXResourcesBuildPhase section */

/* Begin PBXShellScriptBuildPhase section */
		A7AAF5C928D6FDFF00532AF7 /* ShellScript */ = {
			isa = PBXShellScriptBuildPhase;
			buildActionMask = 8;
			files = (
			);
			inputFileListPaths = (
			);
			inputPaths = (
			);
			outputFileListPaths = (
			);
			outputPaths = (
			);
			runOnlyForDeploymentPostprocessing = 1;
			shellPath = /bin/sh;
			shellScript = "# This shell script simply copies required SFML dylibs/frameworks into the application bundle frameworks folder.\n# If you're using static libraries (which is not recommended) you should remove this script from your project.\n\n# SETTINGS\nSFML_DEPENDENCIES_INSTALL_PREFIX=\"/Users/SFML/Desktop/packaging/tmp/install/Library/Frameworks\"\nCMAKE_INSTALL_FRAMEWORK_PREFIX=\"/Users/SFML/Desktop/packaging/tmp/install/Library/Frameworks\"\nCMAKE_INSTALL_LIB_PREFIX=\"/Users/SFML/Desktop/packaging/tmp/install/Library/Frameworks/lib\"\nFRAMEWORKS_FULL_PATH=\"$BUILT_PRODUCTS_DIR/$FRAMEWORKS_FOLDER_PATH/\"\n\n# Are we building a project that uses frameworks or dylibs?\ncase \"$SFML_BINARY_TYPE\" in\n    DYLIBS)\n        frameworks=\"false\"\n        ;;\n    *)\n        frameworks=\"true\"\n        ;;\nesac\n\n# Echoes to stderr\nerror () # $* message to display\n{\n    echo $* 1>&2\n    exit 2\n}\n\nassert () # $1 is a boolean, $2...N is an error message\n{\n    if [ $# -lt 2 ]\n    then\n        error \"Internal error in assert: not enough args\"\n    fi\n\n    if [ $1 -ne 0 ]\n    then\n        shift\n        error \"$*\"\n    fi\n}\n\nforce_remove () # $@ is some paths\n{\n    test $# -ge 1\n    assert $? \"force_remove() requires at least one parameter\"\n    rm -fr $@\n    assert $? \"couldn't remove $@\"\n}\n\ncopy () # $1 is a source, $2 is a destination\n{\n    test $# -eq 2\n    assert $? \"copy() requires two parameters\"\n    ditto \"$1\" \"$2\"\n    assert $? \"couldn't copy $1 to $2\"\n}\n\nrequire () # $1 is a SFML module like 'system' or 'audio'\n{\n    dest=\"$BUILT_PRODUCTS_DIR/$FRAMEWORKS_FOLDER_PATH/\"\n\n    if [ -z \"$1\" ]\n    then\n        error \"require() requires one parameter!\"\n    else\n        # clean potentially old stuff\n        force_remove \"$dest/libsfml-$1\"*\n        force_remove \"$dest/sfml-$1.framework\"\n\n        # copy SFML libraries\n        if [ \"$frameworks\" = \"true\" ]\n        then\n            source=\"$CMAKE_INSTALL_FRAMEWORK_PREFIX/sfml-$1.framework\"\n            target=\"sfml-$1.framework\"\n        elif [ \"$SFML_LINK_DYLIBS_SUFFIX\" = \"-d\" ]\n        then\n            source=\"$CMAKE_INSTALL_LIB_PREFIX/libsfml-$1-d.dylib\"\n            target=\"`readlink $source`\"\n        else\n            source=\"$CMAKE_INSTALL_LIB_PREFIX/libsfml-$1.dylib\"\n            target=\"`readlink $source`\"\n        fi\n\n        copy \"$source\" \"$dest/$target\"\n\n        # copy extra dependencies\n        if [ \"$1\" = \"audio\" ]\n        then\n            # copy \"FLAC\" \"ogg\" \"vorbis\" \"vorbisenc\" \"vorbisfile\" \"OpenAL\" frameworks too\n            for f in \"FLAC\" \"ogg\" \"vorbis\" \"vorbisenc\" \"vorbisfile\" \"OpenAL\"\n            do\n                copy \"$SFML_DEPENDENCIES_INSTALL_PREFIX/$f.framework\" \"$dest/$f.framework\"\n            done\n        elif [ \"$1\" = \"graphics\" ]\n        then\n            copy \"$SFML_DEPENDENCIES_INSTALL_PREFIX/freetype.framework\" \"$dest/freetype.framework\"\n        fi\n    fi\n}\n\nif [ -n \"$SFML_SYSTEM\" ]\nthen\n    require \"system\"\nfi\n\nif [ -n \"$SFML_AUDIO\" ]\nthen\n    require \"audio\"\nfi\n\nif [ -n \"$SFML_NETWORK\" ]\nthen\n    require \"network\"\nfi\n\nif [ -n \"$SFML_WINDOW\" ]\nthen\n    require \"window\"\nfi\n\nif [ -n \"$SFML_GRAPHICS\" ]\nthen\n    require \"graphics\"\nfi\n\n                \n";
		};
/* End PBXShellScriptBuildPhase section */

/* Begin PBXSourcesBuildPhase section */
		A7AAF5C628D6FDFF00532AF7 /* Sources */ = {
			isa = PBXSourcesBuildPhase;
			buildActionMask = 2147483647;
			files = (
				A7AAF5D428D6FDFF00532AF7 /* main.cpp in Sources */,
				A7AAF5E528D6FE8800532AF7 /* MainMenu.cpp in Sources */,
				A7AAF5D128D6FDFF00532AF7 /* ResourcePath.mm in Sources */,
			);
			runOnlyForDeploymentPostprocessing = 0;
		};
/* End PBXSourcesBuildPhase section */

/* Begin XCBuildConfiguration section */
		A7AAF5DE28D6FDFF00532AF7 /* Debug */ = {
			isa = XCBuildConfiguration;
			buildSettings = {
				ARCHS = "$(NATIVE_ARCH_ACTUAL)";
				CLANG_CXX_LANGUAGE_STANDARD = "c++11";
				CLANG_CXX_LIBRARY = "libc++";
				FRAMEWORK_SEARCH_PATHS = (
					/Library/Frameworks/,
					"$(inherited)",
				);
				GCC_VERSION = com.apple.compilers.llvm.clang.1_0;
				HEADER_SEARCH_PATHS = (
					/usr/local/include/,
					"$(inherited)",
				);
				LIBRARY_SEARCH_PATHS = (
					/usr/local/lib/,
					"$(inherited)",
				);
				MACOSX_DEPLOYMENT_TARGET = 10.7;
				OTHER_LDFLAGS = (
					"$(inherited)",
					"$(SFML_SYSTEM)",
					"$(SFML_WINDOW)",
					"$(SFML_GRAPHICS)",
					"$(SFML_AUDIO)",
					"$(SFML_NETWORK)",
				);
				SFML_AUDIO = "$(SFML_LINK_PREFIX) sfml-audio$(SFML_LINK_SUFFIX)";
				SFML_BINARY_TYPE = FRAMEWORKS;
				SFML_GRAPHICS = "$(SFML_LINK_PREFIX) sfml-graphics$(SFML_LINK_SUFFIX)";
				SFML_LINK_DYLIBS_PREFIX = "-l";
				SFML_LINK_DYLIBS_SUFFIX = "";
				SFML_LINK_FRAMEWORKS_PREFIX = "-framework";
				SFML_LINK_FRAMEWORKS_SUFFIX = "";
				SFML_LINK_PREFIX = "$(SFML_LINK_$(SFML_BINARY_TYPE)_PREFIX)";
				SFML_LINK_SUFFIX = "$(SFML_LINK_$(SFML_BINARY_TYPE)_SUFFIX)";
				SFML_NETWORK = "$(SFML_LINK_PREFIX) sfml-network$(SFML_LINK_SUFFIX)";
				SFML_SYSTEM = "$(SFML_LINK_PREFIX) sfml-system$(SFML_LINK_SUFFIX)";
				SFML_WINDOW = "$(SFML_LINK_PREFIX) sfml-window$(SFML_LINK_SUFFIX)";
				SUPPORTED_PLATFORMS = macosx;
			};
			name = Debug;
		};
		A7AAF5DF28D6FDFF00532AF7 /* Release */ = {
			isa = XCBuildConfiguration;
			buildSettings = {
				ARCHS = "$(NATIVE_ARCH_ACTUAL)";
				CLANG_CXX_LANGUAGE_STANDARD = "c++11";
				CLANG_CXX_LIBRARY = "libc++";
				FRAMEWORK_SEARCH_PATHS = (
					/Library/Frameworks/,
					"$(inherited)",
				);
				GCC_VERSION = com.apple.compilers.llvm.clang.1_0;
				HEADER_SEARCH_PATHS = (
					/usr/local/include/,
					"$(inherited)",
				);
				LIBRARY_SEARCH_PATHS = (
					/usr/local/lib/,
					"$(inherited)",
				);
				MACOSX_DEPLOYMENT_TARGET = 10.7;
				OTHER_LDFLAGS = (
					"$(inherited)",
					"$(SFML_SYSTEM)",
					"$(SFML_WINDOW)",
					"$(SFML_GRAPHICS)",
					"$(SFML_AUDIO)",
					"$(SFML_NETWORK)",
				);
				SFML_AUDIO = "$(SFML_LINK_PREFIX) sfml-audio$(SFML_LINK_SUFFIX)";
				SFML_BINARY_TYPE = FRAMEWORKS;
				SFML_GRAPHICS = "$(SFML_LINK_PREFIX) sfml-graphics$(SFML_LINK_SUFFIX)";
				SFML_LINK_DYLIBS_PREFIX = "-l";
				SFML_LINK_DYLIBS_SUFFIX = "";
				SFML_LINK_FRAMEWORKS_PREFIX = "-framework";
				SFML_LINK_FRAMEWORKS_SUFFIX = "";
				SFML_LINK_PREFIX = "$(SFML_LINK_$(SFML_BINARY_TYPE)_PREFIX)";
				SFML_LINK_SUFFIX = "$(SFML_LINK_$(SFML_BINARY_TYPE)_SUFFIX)";
				SFML_NETWORK = "$(SFML_LINK_PREFIX) sfml-network$(SFML_LINK_SUFFIX)";
				SFML_SYSTEM = "$(SFML_LINK_PREFIX) sfml-system$(SFML_LINK_SUFFIX)";
				SFML_WINDOW = "$(SFML_LINK_PREFIX) sfml-window$(SFML_LINK_SUFFIX)";
				SUPPORTED_PLATFORMS = macosx;
			};
			name = Release;
		};
		A7AAF5E128D6FDFF00532AF7 /* Debug */ = {
			isa = XCBuildConfiguration;
			buildSettings = {
				ARCHS = "$(ARCHS_STANDARD)";
				CODE_SIGN_STYLE = Automatic;
				DEVELOPMENT_TEAM = N2787L6368;
				ENABLE_HARDENED_RUNTIME = NO;
				EXCLUDED_ARCHS = arm64;
				INFOPLIST_FILE = "Project/Project-Info.plist";
				LD_RUNPATH_SEARCH_PATHS = "@loader_path/../Frameworks";
				PRODUCT_NAME = "$(TARGET_NAME)";
			};
			name = Debug;
		};
		A7AAF5E228D6FDFF00532AF7 /* Release */ = {
			isa = XCBuildConfiguration;
			buildSettings = {
				ARCHS = "$(ARCHS_STANDARD)";
				CODE_SIGN_STYLE = Automatic;
				DEVELOPMENT_TEAM = N2787L6368;
				ENABLE_HARDENED_RUNTIME = NO;
				EXCLUDED_ARCHS = arm64;
				INFOPLIST_FILE = "Project/Project-Info.plist";
				LD_RUNPATH_SEARCH_PATHS = "@loader_path/../Frameworks";
				PRODUCT_NAME = "$(TARGET_NAME)";
			};
			name = Release;
		};
/* End XCBuildConfiguration section */

/* Begin XCConfigurationList section */
		A7AAF5C528D6FDFF00532AF7 /* Build configuration list for PBXProject "Project" */ = {
			isa = XCConfigurationList;
			buildConfigurations = (
				A7AAF5DE28D6FDFF00532AF7 /* Debug */,
				A7AAF5DF28D6FDFF00532AF7 /* Release */,
			);
			defaultConfigurationIsVisible = 0;
			defaultConfigurationName = Release;
		};
		A7AAF5E028D6FDFF00532AF7 /* Build configuration list for PBXNativeTarget "Project" */ = {
			isa = XCConfigurationList;
			buildConfigurations = (
				A7AAF5E128D6FDFF00532AF7 /* Debug */,
				A7AAF5E228D6FDFF00532AF7 /* Release */,
			);
			defaultConfigurationIsVisible = 0;
			defaultConfigurationName = Release;
		};
/* End XCConfigurationList section */
	};
	rootObject = A7AAF5C228D6FDFF00532AF7 /* Project object */;
}
